
Microsoft Visual Studio Solution File, Format Version 12.00
# Visual Studio Version 17
VisualStudioVersion = 17.14.36623.8
MinimumVisualStudioVersion = 10.0.40219.1
Project("{2150E333-8FDC-42A3-9474-1A3956D46DE8}") = "DW", "DW", "{30CB11C4-DE14-4FE9-8482-5A5452498E0E}"
EndProject
Project("{2150E333-8FDC-42A3-9474-1A3956D46DE8}") = "OLTP", "OLTP", "{D813AB0B-213A-43D4-ADE5-378B0FA336C1}"
EndProject
Project("{00D1A9C2-B5F0-4AF3-8072-F6C62B433612}") = "PubsOLTP", "PubsOLTP\PubsOLTP.sqlproj", "{9FCC5209-B499-4CA8-BB7F-ACF0F44BFE81}"
EndProject
Project("{00D1A9C2-B5F0-4AF3-8072-F6C62B433612}") = "PubsDW", "PubsDW\PubsDW.sqlproj", "{0208F243-EC75-4EDF-8CF9-CD4208C5F282}"
EndProject
Project("{2150E333-8FDC-42A3-9474-1A3956D46DE8}") = "ETL", "ETL", "{A47B30DF-081B-4368-A71A-F52E074C808C}"
EndProject
Project("{C9674DCB-5085-4A16-B785-4C70DD1589BD}") = "PubsETL", "PubsETL\PubsETL.dtproj", "{5F39B41F-FB70-F133-A45E-92AA98308F36}"
EndProject
Global
	GlobalSection(SolutionConfigurationPlatforms) = preSolution
		Debug|Any CPU = Debug|Any CPU
		Development|Any CPU = Development|Any CPU
		Release|Any CPU = Release|Any CPU
	EndGlobalSection
	GlobalSection(ProjectConfigurationPlatforms) = postSolution
		{9FCC5209-B499-4CA8-BB7F-ACF0F44BFE81}.Debug|Any CPU.ActiveCfg = Debug|Any CPU
		{9FCC5209-B499-4CA8-BB7F-ACF0F44BFE81}.Debug|Any CPU.Build.0 = Debug|Any CPU
		{9FCC5209-B499-4CA8-BB7F-ACF0F44BFE81}.Debug|Any CPU.Deploy.0 = Debug|Any CPU
		{9FCC5209-B499-4CA8-BB7F-ACF0F44BFE81}.Development|Any CPU.ActiveCfg = Release|Any CPU
		{9FCC5209-B499-4CA8-BB7F-ACF0F44BFE81}.Development|Any CPU.Build.0 = Release|Any CPU
		{9FCC5209-B499-4CA8-BB7F-ACF0F44BFE81}.Development|Any CPU.Deploy.0 = Release|Any CPU
		{9FCC5209-B499-4CA8-BB7F-ACF0F44BFE81}.Release|Any CPU.ActiveCfg = Release|Any CPU
		{9FCC5209-B499-4CA8-BB7F-ACF0F44BFE81}.Release|Any CPU.Build.0 = Release|Any CPU
		{9FCC5209-B499-4CA8-BB7F-ACF0F44BFE81}.Release|Any CPU.Deploy.0 = Release|Any CPU
		{0208F243-EC75-4EDF-8CF9-CD4208C5F282}.Debug|Any CPU.ActiveCfg = Debug|Any CPU
		{0208F243-EC75-4EDF-8CF9-CD4208C5F282}.Debug|Any CPU.Build.0 = Debug|Any CPU
		{0208F243-EC75-4EDF-8CF9-CD4208C5F282}.Debug|Any CPU.Deploy.0 = Debug|Any CPU
		{0208F243-EC75-4EDF-8CF9-CD4208C5F282}.Development|Any CPU.ActiveCfg = Release|Any CPU
		{0208F243-EC75-4EDF-8CF9-CD4208C5F282}.Development|Any CPU.Build.0 = Release|Any CPU
		{0208F243-EC75-4EDF-8CF9-CD4208C5F282}.Development|Any CPU.Deploy.0 = Release|Any CPU
		{0208F243-EC75-4EDF-8CF9-CD4208C5F282}.Release|Any CPU.ActiveCfg = Release|Any CPU
		{0208F243-EC75-4EDF-8CF9-CD4208C5F282}.Release|Any CPU.Build.0 = Release|Any CPU
		{0208F243-EC75-4EDF-8CF9-CD4208C5F282}.Release|Any CPU.Deploy.0 = Release|Any CPU
		{5F39B41F-FB70-F133-A45E-92AA98308F36}.Debug|Any CPU.ActiveCfg = Development
		{5F39B41F-FB70-F133-A45E-92AA98308F36}.Debug|Any CPU.Build.0 = Development
		{5F39B41F-FB70-F133-A45E-92AA98308F36}.Development|Any CPU.ActiveCfg = Development
		{5F39B41F-FB70-F133-A45E-92AA98308F36}.Development|Any CPU.Build.0 = Development
		{5F39B41F-FB70-F133-A45E-92AA98308F36}.Release|Any CPU.ActiveCfg = Development
		{5F39B41F-FB70-F133-A45E-92AA98308F36}.Release|Any CPU.Build.0 = Development
	EndGlobalSection
	GlobalSection(SolutionProperties) = preSolution
		HideSolutionNode = FALSE
	EndGlobalSection
	GlobalSection(NestedProjects) = preSolution
		{9FCC5209-B499-4CA8-BB7F-ACF0F44BFE81} = {D813AB0B-213A-43D4-ADE5-378B0FA336C1}
		{0208F243-EC75-4EDF-8CF9-CD4208C5F282} = {30CB11C4-DE14-4FE9-8482-5A5452498E0E}
		{5F39B41F-FB70-F133-A45E-92AA98308F36} = {A47B30DF-081B-4368-A71A-F52E074C808C}
	EndGlobalSection
	GlobalSection(ExtensibilityGlobals) = postSolution
		SolutionGuid = {A80BE1E7-8A9F-4917-ACCF-3AC12DAFB625}
	EndGlobalSection
EndGlobal
